
Microsoft Visual Studio Solution File, Format Version 12.00
# Visual Studio Version 17
VisualStudioVersion = 17.0.31903.59
MinimumVisualStudioVersion = 10.0.40219.1
Project("{2150E333-8FDC-42A3-9474-1A3956D46DE8}") = "Front", "Front", "{02EA681E-C7D8-13C7-8484-4AC65E1B71E8}"
EndProject
Project("{2150E333-8FDC-42A3-9474-1A3956D46DE8}") = "Back", "Back", "{F80C18DD-7559-45B5-AA40-C6C38A0BD85B}"
EndProject
Project("{FAE04EC0-301F-11D3-BF4B-00C04F79EFBC}") = "PVM.MNM.API", "PVM.MNM.API\PVM.MNM.API.csproj", "{699A382A-FC85-4BCC-B612-C2BB058FA78F}"
EndProject
Project("{2150E333-8FDC-42A3-9474-1A3956D46DE8}") = "Base", "Base", "{FD293C25-6A46-4215-B190-BFA530B64DF6}"
EndProject
Project("{FAE04EC0-301F-11D3-BF4B-00C04F79EFBC}") = "BaseLibrary", "BaseLibrary\BaseLibrary.csproj", "{07F4DACA-F9AD-431F-83A6-38B8399DB069}"
EndProject
Project("{FAE04EC0-301F-11D3-BF4B-00C04F79EFBC}") = "ClientLibrary", "ClientLibrary\ClientLibrary.csproj", "{86E56A34-BA3E-4E93-92FF-7A84740B3EB7}"
EndProject
Project("{FAE04EC0-301F-11D3-BF4B-00C04F79EFBC}") = "ServerLibrary", "ServerLibrary\ServerLibrary.csproj", "{CDD43E87-A8D0-4DF1-9585-60E5828DBCF6}"
EndProject
Project("{FAE04EC0-301F-11D3-BF4B-00C04F79EFBC}") = "PVM.MNM.CLI", "PVM.MNM.CLI\PVM.MNM.CLI.csproj", "{E2148B52-0266-41D9-A54D-EF58765AADE6}"
EndProject
Project("{2150E333-8FDC-42A3-9474-1A3956D46DE8}") = "Cli", "Cli", "{340CFB4D-6F48-4420-BF0B-AF4F073C83AC}"
EndProject
Project("{FAE04EC0-301F-11D3-BF4B-00C04F79EFBC}") = "PVM.CLI", "PVM.CLI\PVM.CLI.csproj", "{8F8973B5-B97F-44C4-9F31-F801D8EFE3CC}"
EndProject
Project("{2150E333-8FDC-42A3-9474-1A3956D46DE8}") = "BaseTicket", "BaseTicket", "{0FBBF5CC-36C6-4D40-A988-E23181D781C8}"
EndProject
Project("{FAE04EC0-301F-11D3-BF4B-00C04F79EFBC}") = "Domain", "Domain\Domain.csproj", "{81102789-00EC-4A6C-AEBE-E7058614B9A1}"
EndProject
Project("{FAE04EC0-301F-11D3-BF4B-00C04F79EFBC}") = "Infraestructure", "Infraestructure\Infraestructure.csproj", "{B2D95D62-F926-4515-8DA0-FAC5167B186B}"
EndProject
Project("{FAE04EC0-301F-11D3-BF4B-00C04F79EFBC}") = "PVM.TMU", "PVM.TMU\PVM.TMU.csproj", "{950D6821-7001-41D9-984D-9746011E0545}"
EndProject
Global
	GlobalSection(SolutionConfigurationPlatforms) = preSolution
		Debug|Any CPU = Debug|Any CPU
		Release|Any CPU = Release|Any CPU
	EndGlobalSection
	GlobalSection(ProjectConfigurationPlatforms) = postSolution
		{699A382A-FC85-4BCC-B612-C2BB058FA78F}.Debug|Any CPU.ActiveCfg = Debug|Any CPU
		{699A382A-FC85-4BCC-B612-C2BB058FA78F}.Debug|Any CPU.Build.0 = Debug|Any CPU
		{699A382A-FC85-4BCC-B612-C2BB058FA78F}.Release|Any CPU.ActiveCfg = Release|Any CPU
		{699A382A-FC85-4BCC-B612-C2BB058FA78F}.Release|Any CPU.Build.0 = Release|Any CPU
		{07F4DACA-F9AD-431F-83A6-38B8399DB069}.Debug|Any CPU.ActiveCfg = Debug|Any CPU
		{07F4DACA-F9AD-431F-83A6-38B8399DB069}.Debug|Any CPU.Build.0 = Debug|Any CPU
		{07F4DACA-F9AD-431F-83A6-38B8399DB069}.Release|Any CPU.ActiveCfg = Release|Any CPU
		{07F4DACA-F9AD-431F-83A6-38B8399DB069}.Release|Any CPU.Build.0 = Release|Any CPU
		{86E56A34-BA3E-4E93-92FF-7A84740B3EB7}.Debug|Any CPU.ActiveCfg = Debug|Any CPU
		{86E56A34-BA3E-4E93-92FF-7A84740B3EB7}.Debug|Any CPU.Build.0 = Debug|Any CPU
		{86E56A34-BA3E-4E93-92FF-7A84740B3EB7}.Release|Any CPU.ActiveCfg = Release|Any CPU
		{86E56A34-BA3E-4E93-92FF-7A84740B3EB7}.Release|Any CPU.Build.0 = Release|Any CPU
		{CDD43E87-A8D0-4DF1-9585-60E5828DBCF6}.Debug|Any CPU.ActiveCfg = Debug|Any CPU
		{CDD43E87-A8D0-4DF1-9585-60E5828DBCF6}.Debug|Any CPU.Build.0 = Debug|Any CPU
		{CDD43E87-A8D0-4DF1-9585-60E5828DBCF6}.Release|Any CPU.ActiveCfg = Release|Any CPU
		{CDD43E87-A8D0-4DF1-9585-60E5828DBCF6}.Release|Any CPU.Build.0 = Release|Any CPU
		{E2148B52-0266-41D9-A54D-EF58765AADE6}.Debug|Any CPU.ActiveCfg = Debug|Any CPU
		{E2148B52-0266-41D9-A54D-EF58765AADE6}.Debug|Any CPU.Build.0 = Debug|Any CPU
		{E2148B52-0266-41D9-A54D-EF58765AADE6}.Release|Any CPU.ActiveCfg = Release|Any CPU
		{E2148B52-0266-41D9-A54D-EF58765AADE6}.Release|Any CPU.Build.0 = Release|Any CPU
		{8F8973B5-B97F-44C4-9F31-F801D8EFE3CC}.Debug|Any CPU.ActiveCfg = Debug|Any CPU
		{8F8973B5-B97F-44C4-9F31-F801D8EFE3CC}.Debug|Any CPU.Build.0 = Debug|Any CPU
		{8F8973B5-B97F-44C4-9F31-F801D8EFE3CC}.Release|Any CPU.ActiveCfg = Release|Any CPU
		{8F8973B5-B97F-44C4-9F31-F801D8EFE3CC}.Release|Any CPU.Build.0 = Release|Any CPU
		{81102789-00EC-4A6C-AEBE-E7058614B9A1}.Debug|Any CPU.ActiveCfg = Debug|Any CPU
		{81102789-00EC-4A6C-AEBE-E7058614B9A1}.Debug|Any CPU.Build.0 = Debug|Any CPU
		{81102789-00EC-4A6C-AEBE-E7058614B9A1}.Release|Any CPU.ActiveCfg = Release|Any CPU
		{81102789-00EC-4A6C-AEBE-E7058614B9A1}.Release|Any CPU.Build.0 = Release|Any CPU
		{B2D95D62-F926-4515-8DA0-FAC5167B186B}.Debug|Any CPU.ActiveCfg = Debug|Any CPU
		{B2D95D62-F926-4515-8DA0-FAC5167B186B}.Debug|Any CPU.Build.0 = Debug|Any CPU
		{B2D95D62-F926-4515-8DA0-FAC5167B186B}.Release|Any CPU.ActiveCfg = Release|Any CPU
		{B2D95D62-F926-4515-8DA0-FAC5167B186B}.Release|Any CPU.Build.0 = Release|Any CPU
		{950D6821-7001-41D9-984D-9746011E0545}.Debug|Any CPU.ActiveCfg = Debug|Any CPU
		{950D6821-7001-41D9-984D-9746011E0545}.Debug|Any CPU.Build.0 = Debug|Any CPU
		{950D6821-7001-41D9-984D-9746011E0545}.Release|Any CPU.ActiveCfg = Release|Any CPU
		{950D6821-7001-41D9-984D-9746011E0545}.Release|Any CPU.Build.0 = Release|Any CPU
	EndGlobalSection
	GlobalSection(SolutionProperties) = preSolution
		HideSolutionNode = FALSE
	EndGlobalSection
	GlobalSection(NestedProjects) = preSolution
		{699A382A-FC85-4BCC-B612-C2BB058FA78F} = {F80C18DD-7559-45B5-AA40-C6C38A0BD85B}
		{07F4DACA-F9AD-431F-83A6-38B8399DB069} = {FD293C25-6A46-4215-B190-BFA530B64DF6}
		{86E56A34-BA3E-4E93-92FF-7A84740B3EB7} = {FD293C25-6A46-4215-B190-BFA530B64DF6}
		{CDD43E87-A8D0-4DF1-9585-60E5828DBCF6} = {FD293C25-6A46-4215-B190-BFA530B64DF6}
		{E2148B52-0266-41D9-A54D-EF58765AADE6} = {02EA681E-C7D8-13C7-8484-4AC65E1B71E8}
		{8F8973B5-B97F-44C4-9F31-F801D8EFE3CC} = {340CFB4D-6F48-4420-BF0B-AF4F073C83AC}
		{81102789-00EC-4A6C-AEBE-E7058614B9A1} = {0FBBF5CC-36C6-4D40-A988-E23181D781C8}
		{B2D95D62-F926-4515-8DA0-FAC5167B186B} = {0FBBF5CC-36C6-4D40-A988-E23181D781C8}
		{950D6821-7001-41D9-984D-9746011E0545} = {340CFB4D-6F48-4420-BF0B-AF4F073C83AC}
	EndGlobalSection
	GlobalSection(ExtensibilityGlobals) = postSolution
		SolutionGuid = {B9CD24DD-2594-4D63-982C-BDE6A91D7B54}
	EndGlobalSection
EndGlobal
